
Microsoft Visual Studio Solution File, Format Version 12.00
# Visual Studio Version 17
VisualStudioVersion = 17.2.32516.85
MinimumVisualStudioVersion = 10.0.40219.1
Project("{8BC9CEB8-8B4A-11D0-8D11-00A0C91BC942}") = "DIRECTX_BITMAP", "DIRECTX_BITMAP\DIRECTX_BITMAP.vcxproj", "{15451454-5D50-41A0-BF98-B163881B0533}"
EndProject
Global
	GlobalSection(SolutionConfigurationPlatforms) = preSolution
		Debug|x64 = Debug|x64
		Debug|x86 = Debug|x86
		Release|x64 = Release|x64
		Release|x86 = Release|x86
	EndGlobalSection
	GlobalSection(ProjectConfigurationPlatforms) = postSolution
		{15451454-5D50-41A0-BF98-B163881B0533}.Debug|x64.ActiveCfg = Debug|x64
		{15451454-5D50-41A0-BF98-B163881B0533}.Debug|x64.Build.0 = Debug|x64
		{15451454-5D50-41A0-BF98-B163881B0533}.Debug|x86.ActiveCfg = Debug|Win32
		{15451454-5D50-41A0-BF98-B163881B0533}.Debug|x86.Build.0 = Debug|Win32
		{15451454-5D50-41A0-BF98-B163881B0533}.Release|x64.ActiveCfg = Release|x64
		{15451454-5D50-41A0-BF98-B163881B0533}.Release|x64.Build.0 = Release|x64
		{15451454-5D50-41A0-BF98-B163881B0533}.Release|x86.ActiveCfg = Release|Win32
		{15451454-5D50-41A0-BF98-B163881B0533}.Release|x86.Build.0 = Release|Win32
	EndGlobalSection
	GlobalSection(SolutionProperties) = preSolution
		HideSolutionNode = FALSE
	EndGlobalSection
	GlobalSection(ExtensibilityGlobals) = postSolution
		SolutionGuid = {89E9195E-E3F9-4C33-9F3B-256D82C1B27E}
	EndGlobalSection
EndGlobal
