
Microsoft Visual Studio Solution File, Format Version 12.00
# Visual Studio Version 16
VisualStudioVersion = 16.0.31313.79
MinimumVisualStudioVersion = 10.0.40219.1
Project("{8BC9CEB8-8B4A-11D0-8D11-00A0C91BC942}") = "Chapter1", "Chapter1\Chapter1.vcxproj", "{961BD6BF-BAB5-476D-B045-D35B79BD02A9}"
EndProject
Project("{8BC9CEB8-8B4A-11D0-8D11-00A0C91BC942}") = "Chapter1-2", "Chapter1-2\Chapter1-2.vcxproj", "{D2E51557-DCA0-40B4-B96A-402431DFA891}"
EndProject
Project("{8BC9CEB8-8B4A-11D0-8D11-00A0C91BC942}") = "Chapter1-3", "Chapter1-3\Chapter1-3.vcxproj", "{478DB633-39B1-4A38-A091-BDA0CA99A55D}"
EndProject
Global
	GlobalSection(SolutionConfigurationPlatforms) = preSolution
		Debug|x64 = Debug|x64
		Debug|x86 = Debug|x86
		Release|x64 = Release|x64
		Release|x86 = Release|x86
	EndGlobalSection
	GlobalSection(ProjectConfigurationPlatforms) = postSolution
		{961BD6BF-BAB5-476D-B045-D35B79BD02A9}.Debug|x64.ActiveCfg = Debug|x64
		{961BD6BF-BAB5-476D-B045-D35B79BD02A9}.Debug|x64.Build.0 = Debug|x64
		{961BD6BF-BAB5-476D-B045-D35B79BD02A9}.Debug|x86.ActiveCfg = Debug|Win32
		{961BD6BF-BAB5-476D-B045-D35B79BD02A9}.Debug|x86.Build.0 = Debug|Win32
		{961BD6BF-BAB5-476D-B045-D35B79BD02A9}.Release|x64.ActiveCfg = Release|x64
		{961BD6BF-BAB5-476D-B045-D35B79BD02A9}.Release|x64.Build.0 = Release|x64
		{961BD6BF-BAB5-476D-B045-D35B79BD02A9}.Release|x86.ActiveCfg = Release|Win32
		{961BD6BF-BAB5-476D-B045-D35B79BD02A9}.Release|x86.Build.0 = Release|Win32
		{D2E51557-DCA0-40B4-B96A-402431DFA891}.Debug|x64.ActiveCfg = Debug|x64
		{D2E51557-DCA0-40B4-B96A-402431DFA891}.Debug|x64.Build.0 = Debug|x64
		{D2E51557-DCA0-40B4-B96A-402431DFA891}.Debug|x86.ActiveCfg = Debug|Win32
		{D2E51557-DCA0-40B4-B96A-402431DFA891}.Debug|x86.Build.0 = Debug|Win32
		{D2E51557-DCA0-40B4-B96A-402431DFA891}.Release|x64.ActiveCfg = Release|x64
		{D2E51557-DCA0-40B4-B96A-402431DFA891}.Release|x64.Build.0 = Release|x64
		{D2E51557-DCA0-40B4-B96A-402431DFA891}.Release|x86.ActiveCfg = Release|Win32
		{D2E51557-DCA0-40B4-B96A-402431DFA891}.Release|x86.Build.0 = Release|Win32
		{478DB633-39B1-4A38-A091-BDA0CA99A55D}.Debug|x64.ActiveCfg = Debug|x64
		{478DB633-39B1-4A38-A091-BDA0CA99A55D}.Debug|x64.Build.0 = Debug|x64
		{478DB633-39B1-4A38-A091-BDA0CA99A55D}.Debug|x86.ActiveCfg = Debug|Win32
		{478DB633-39B1-4A38-A091-BDA0CA99A55D}.Debug|x86.Build.0 = Debug|Win32
		{478DB633-39B1-4A38-A091-BDA0CA99A55D}.Release|x64.ActiveCfg = Release|x64
		{478DB633-39B1-4A38-A091-BDA0CA99A55D}.Release|x64.Build.0 = Release|x64
		{478DB633-39B1-4A38-A091-BDA0CA99A55D}.Release|x86.ActiveCfg = Release|Win32
		{478DB633-39B1-4A38-A091-BDA0CA99A55D}.Release|x86.Build.0 = Release|Win32
	EndGlobalSection
	GlobalSection(SolutionProperties) = preSolution
		HideSolutionNode = FALSE
	EndGlobalSection
	GlobalSection(ExtensibilityGlobals) = postSolution
		SolutionGuid = {0E4C2188-19DD-4FB9-9BB1-333C7BFA9932}
	EndGlobalSection
EndGlobal
