
Microsoft Visual Studio Solution File, Format Version 12.00
# Visual Studio Version 17
VisualStudioVersion = 17.2.32516.85
MinimumVisualStudioVersion = 10.0.40219.1
Project("{8BC9CEB8-8B4A-11D0-8D11-00A0C91BC942}") = "DIRECTX_ImageExample", "DIRECTX_ImageExample.vcxproj", "{87B191F4-9872-48BC-9837-173D28E1FA33}"
EndProject
Global
	GlobalSection(SolutionConfigurationPlatforms) = preSolution
		Debug|x64 = Debug|x64
		Debug|x86 = Debug|x86
		Release|x64 = Release|x64
		Release|x86 = Release|x86
	EndGlobalSection
	GlobalSection(ProjectConfigurationPlatforms) = postSolution
		{87B191F4-9872-48BC-9837-173D28E1FA33}.Debug|x64.ActiveCfg = Debug|x64
		{87B191F4-9872-48BC-9837-173D28E1FA33}.Debug|x64.Build.0 = Debug|x64
		{87B191F4-9872-48BC-9837-173D28E1FA33}.Debug|x86.ActiveCfg = Debug|Win32
		{87B191F4-9872-48BC-9837-173D28E1FA33}.Debug|x86.Build.0 = Debug|Win32
		{87B191F4-9872-48BC-9837-173D28E1FA33}.Release|x64.ActiveCfg = Release|x64
		{87B191F4-9872-48BC-9837-173D28E1FA33}.Release|x64.Build.0 = Release|x64
		{87B191F4-9872-48BC-9837-173D28E1FA33}.Release|x86.ActiveCfg = Release|Win32
		{87B191F4-9872-48BC-9837-173D28E1FA33}.Release|x86.Build.0 = Release|Win32
	EndGlobalSection
	GlobalSection(SolutionProperties) = preSolution
		HideSolutionNode = FALSE
	EndGlobalSection
	GlobalSection(ExtensibilityGlobals) = postSolution
		SolutionGuid = {D1C7904D-DF36-4237-A78C-F890B5CF0294}
	EndGlobalSection
EndGlobal
