
Microsoft Visual Studio Solution File, Format Version 12.00
# Visual Studio Version 16
VisualStudioVersion = 16.0.31313.79
MinimumVisualStudioVersion = 10.0.40219.1
Project("{8BC9CEB8-8B4A-11D0-8D11-00A0C91BC942}") = "PointerChapter1", "Pointer.vcxproj", "{252D0392-1FFD-4D07-BF16-7DB52599429D}"
EndProject
Project("{8BC9CEB8-8B4A-11D0-8D11-00A0C91BC942}") = "PointerChapter2", "..\PointerChapter2\PointerChapter2.vcxproj", "{7E30ED97-6DA0-4552-A0A6-7C7C1F3A8CB9}"
EndProject
Project("{8BC9CEB8-8B4A-11D0-8D11-00A0C91BC942}") = "PointerChapter3", "..\PointerChapter3\PointerChapter3.vcxproj", "{B836A494-57A7-4347-B5C0-CB67ABAC0FB1}"
EndProject
Project("{8BC9CEB8-8B4A-11D0-8D11-00A0C91BC942}") = "PointerChapter4", "..\PointerChapter4\PointerChapter4.vcxproj", "{93319150-F89A-4260-B9C7-E5D1948BD652}"
EndProject
Project("{8BC9CEB8-8B4A-11D0-8D11-00A0C91BC942}") = "PointerChapter5", "..\PointerChapter5\PointerChapter5.vcxproj", "{B0952755-6AA0-4984-9800-C37DCA265CA1}"
EndProject
Project("{8BC9CEB8-8B4A-11D0-8D11-00A0C91BC942}") = "PointerChapter6", "..\PointerChapter6\PointerChapter6.vcxproj", "{E95E0F0E-D6C9-476A-8BB3-E86BD5B6E2DF}"
EndProject
Project("{8BC9CEB8-8B4A-11D0-8D11-00A0C91BC942}") = "PointerPrecautions", "..\PointerPrecautions\PointerPrecautions.vcxproj", "{83732B3F-6ABB-4823-BB8E-07C6A305BC73}"
EndProject
Project("{8BC9CEB8-8B4A-11D0-8D11-00A0C91BC942}") = "PointerTask", "..\PointerTask\PointerTask.vcxproj", "{1D808CF9-0C86-4AEC-915B-D15ABFFFB604}"
EndProject
Project("{8BC9CEB8-8B4A-11D0-8D11-00A0C91BC942}") = "PointerChapter7", "..\Pointer2DimensionalArray\Pointer2DimensionalArray.vcxproj", "{D40643A5-2E97-48DC-B7C6-927B8AE703CD}"
EndProject
Global
	GlobalSection(SolutionConfigurationPlatforms) = preSolution
		Debug|x64 = Debug|x64
		Debug|x86 = Debug|x86
		Release|x64 = Release|x64
		Release|x86 = Release|x86
	EndGlobalSection
	GlobalSection(ProjectConfigurationPlatforms) = postSolution
		{252D0392-1FFD-4D07-BF16-7DB52599429D}.Debug|x64.ActiveCfg = Debug|x64
		{252D0392-1FFD-4D07-BF16-7DB52599429D}.Debug|x64.Build.0 = Debug|x64
		{252D0392-1FFD-4D07-BF16-7DB52599429D}.Debug|x86.ActiveCfg = Debug|Win32
		{252D0392-1FFD-4D07-BF16-7DB52599429D}.Debug|x86.Build.0 = Debug|Win32
		{252D0392-1FFD-4D07-BF16-7DB52599429D}.Release|x64.ActiveCfg = Release|x64
		{252D0392-1FFD-4D07-BF16-7DB52599429D}.Release|x64.Build.0 = Release|x64
		{252D0392-1FFD-4D07-BF16-7DB52599429D}.Release|x86.ActiveCfg = Release|Win32
		{252D0392-1FFD-4D07-BF16-7DB52599429D}.Release|x86.Build.0 = Release|Win32
		{7E30ED97-6DA0-4552-A0A6-7C7C1F3A8CB9}.Debug|x64.ActiveCfg = Debug|x64
		{7E30ED97-6DA0-4552-A0A6-7C7C1F3A8CB9}.Debug|x64.Build.0 = Debug|x64
		{7E30ED97-6DA0-4552-A0A6-7C7C1F3A8CB9}.Debug|x86.ActiveCfg = Debug|Win32
		{7E30ED97-6DA0-4552-A0A6-7C7C1F3A8CB9}.Debug|x86.Build.0 = Debug|Win32
		{7E30ED97-6DA0-4552-A0A6-7C7C1F3A8CB9}.Release|x64.ActiveCfg = Release|x64
		{7E30ED97-6DA0-4552-A0A6-7C7C1F3A8CB9}.Release|x64.Build.0 = Release|x64
		{7E30ED97-6DA0-4552-A0A6-7C7C1F3A8CB9}.Release|x86.ActiveCfg = Release|Win32
		{7E30ED97-6DA0-4552-A0A6-7C7C1F3A8CB9}.Release|x86.Build.0 = Release|Win32
		{B836A494-57A7-4347-B5C0-CB67ABAC0FB1}.Debug|x64.ActiveCfg = Debug|x64
		{B836A494-57A7-4347-B5C0-CB67ABAC0FB1}.Debug|x64.Build.0 = Debug|x64
		{B836A494-57A7-4347-B5C0-CB67ABAC0FB1}.Debug|x86.ActiveCfg = Debug|Win32
		{B836A494-57A7-4347-B5C0-CB67ABAC0FB1}.Debug|x86.Build.0 = Debug|Win32
		{B836A494-57A7-4347-B5C0-CB67ABAC0FB1}.Release|x64.ActiveCfg = Release|x64
		{B836A494-57A7-4347-B5C0-CB67ABAC0FB1}.Release|x64.Build.0 = Release|x64
		{B836A494-57A7-4347-B5C0-CB67ABAC0FB1}.Release|x86.ActiveCfg = Release|Win32
		{B836A494-57A7-4347-B5C0-CB67ABAC0FB1}.Release|x86.Build.0 = Release|Win32
		{93319150-F89A-4260-B9C7-E5D1948BD652}.Debug|x64.ActiveCfg = Debug|x64
		{93319150-F89A-4260-B9C7-E5D1948BD652}.Debug|x64.Build.0 = Debug|x64
		{93319150-F89A-4260-B9C7-E5D1948BD652}.Debug|x86.ActiveCfg = Debug|Win32
		{93319150-F89A-4260-B9C7-E5D1948BD652}.Debug|x86.Build.0 = Debug|Win32
		{93319150-F89A-4260-B9C7-E5D1948BD652}.Release|x64.ActiveCfg = Release|x64
		{93319150-F89A-4260-B9C7-E5D1948BD652}.Release|x64.Build.0 = Release|x64
		{93319150-F89A-4260-B9C7-E5D1948BD652}.Release|x86.ActiveCfg = Release|Win32
		{93319150-F89A-4260-B9C7-E5D1948BD652}.Release|x86.Build.0 = Release|Win32
		{B0952755-6AA0-4984-9800-C37DCA265CA1}.Debug|x64.ActiveCfg = Debug|x64
		{B0952755-6AA0-4984-9800-C37DCA265CA1}.Debug|x64.Build.0 = Debug|x64
		{B0952755-6AA0-4984-9800-C37DCA265CA1}.Debug|x86.ActiveCfg = Debug|Win32
		{B0952755-6AA0-4984-9800-C37DCA265CA1}.Debug|x86.Build.0 = Debug|Win32
		{B0952755-6AA0-4984-9800-C37DCA265CA1}.Release|x64.ActiveCfg = Release|x64
		{B0952755-6AA0-4984-9800-C37DCA265CA1}.Release|x64.Build.0 = Release|x64
		{B0952755-6AA0-4984-9800-C37DCA265CA1}.Release|x86.ActiveCfg = Release|Win32
		{B0952755-6AA0-4984-9800-C37DCA265CA1}.Release|x86.Build.0 = Release|Win32
		{E95E0F0E-D6C9-476A-8BB3-E86BD5B6E2DF}.Debug|x64.ActiveCfg = Debug|x64
		{E95E0F0E-D6C9-476A-8BB3-E86BD5B6E2DF}.Debug|x64.Build.0 = Debug|x64
		{E95E0F0E-D6C9-476A-8BB3-E86BD5B6E2DF}.Debug|x86.ActiveCfg = Debug|Win32
		{E95E0F0E-D6C9-476A-8BB3-E86BD5B6E2DF}.Debug|x86.Build.0 = Debug|Win32
		{E95E0F0E-D6C9-476A-8BB3-E86BD5B6E2DF}.Release|x64.ActiveCfg = Release|x64
		{E95E0F0E-D6C9-476A-8BB3-E86BD5B6E2DF}.Release|x64.Build.0 = Release|x64
		{E95E0F0E-D6C9-476A-8BB3-E86BD5B6E2DF}.Release|x86.ActiveCfg = Release|Win32
		{E95E0F0E-D6C9-476A-8BB3-E86BD5B6E2DF}.Release|x86.Build.0 = Release|Win32
		{83732B3F-6ABB-4823-BB8E-07C6A305BC73}.Debug|x64.ActiveCfg = Debug|x64
		{83732B3F-6ABB-4823-BB8E-07C6A305BC73}.Debug|x64.Build.0 = Debug|x64
		{83732B3F-6ABB-4823-BB8E-07C6A305BC73}.Debug|x86.ActiveCfg = Debug|Win32
		{83732B3F-6ABB-4823-BB8E-07C6A305BC73}.Debug|x86.Build.0 = Debug|Win32
		{83732B3F-6ABB-4823-BB8E-07C6A305BC73}.Release|x64.ActiveCfg = Release|x64
		{83732B3F-6ABB-4823-BB8E-07C6A305BC73}.Release|x64.Build.0 = Release|x64
		{83732B3F-6ABB-4823-BB8E-07C6A305BC73}.Release|x86.ActiveCfg = Release|Win32
		{83732B3F-6ABB-4823-BB8E-07C6A305BC73}.Release|x86.Build.0 = Release|Win32
		{1D808CF9-0C86-4AEC-915B-D15ABFFFB604}.Debug|x64.ActiveCfg = Debug|x64
		{1D808CF9-0C86-4AEC-915B-D15ABFFFB604}.Debug|x64.Build.0 = Debug|x64
		{1D808CF9-0C86-4AEC-915B-D15ABFFFB604}.Debug|x86.ActiveCfg = Debug|Win32
		{1D808CF9-0C86-4AEC-915B-D15ABFFFB604}.Debug|x86.Build.0 = Debug|Win32
		{1D808CF9-0C86-4AEC-915B-D15ABFFFB604}.Release|x64.ActiveCfg = Release|x64
		{1D808CF9-0C86-4AEC-915B-D15ABFFFB604}.Release|x64.Build.0 = Release|x64
		{1D808CF9-0C86-4AEC-915B-D15ABFFFB604}.Release|x86.ActiveCfg = Release|Win32
		{1D808CF9-0C86-4AEC-915B-D15ABFFFB604}.Release|x86.Build.0 = Release|Win32
		{D40643A5-2E97-48DC-B7C6-927B8AE703CD}.Debug|x64.ActiveCfg = Debug|x64
		{D40643A5-2E97-48DC-B7C6-927B8AE703CD}.Debug|x64.Build.0 = Debug|x64
		{D40643A5-2E97-48DC-B7C6-927B8AE703CD}.Debug|x86.ActiveCfg = Debug|Win32
		{D40643A5-2E97-48DC-B7C6-927B8AE703CD}.Debug|x86.Build.0 = Debug|Win32
		{D40643A5-2E97-48DC-B7C6-927B8AE703CD}.Release|x64.ActiveCfg = Release|x64
		{D40643A5-2E97-48DC-B7C6-927B8AE703CD}.Release|x64.Build.0 = Release|x64
		{D40643A5-2E97-48DC-B7C6-927B8AE703CD}.Release|x86.ActiveCfg = Release|Win32
		{D40643A5-2E97-48DC-B7C6-927B8AE703CD}.Release|x86.Build.0 = Release|Win32
	EndGlobalSection
	GlobalSection(SolutionProperties) = preSolution
		HideSolutionNode = FALSE
	EndGlobalSection
	GlobalSection(ExtensibilityGlobals) = postSolution
		SolutionGuid = {45E2D276-86C9-472C-9C62-B53F826326E7}
	EndGlobalSection
EndGlobal
