
Microsoft Visual Studio Solution File, Format Version 12.00
# Visual Studio Version 16
VisualStudioVersion = 16.0.31313.79
MinimumVisualStudioVersion = 10.0.40219.1
Project("{8BC9CEB8-8B4A-11D0-8D11-00A0C91BC942}") = "ClassChapter1", "ClassChapter1\ClassChapter1.vcxproj", "{DE9A7212-2609-4115-BB75-8B1EFD648A74}"
EndProject
Project("{8BC9CEB8-8B4A-11D0-8D11-00A0C91BC942}") = "ClassChapter3", "ClassChapter3\ClassChapter3.vcxproj", "{8A37ABED-B53D-4A4E-9B46-6B51420BA623}"
EndProject
Project("{8BC9CEB8-8B4A-11D0-8D11-00A0C91BC942}") = "ClassChapter4", "ClassChapter4\ClassChapter4.vcxproj", "{0A861EC9-1117-4A2C-88ED-7466AAB58AC6}"
EndProject
Project("{8BC9CEB8-8B4A-11D0-8D11-00A0C91BC942}") = "ClassChapter2", "ClassChapter2\ClassChpater2.vcxproj", "{C0DD5C58-35E9-4EDC-AE0D-AAE005A71859}"
EndProject
Project("{8BC9CEB8-8B4A-11D0-8D11-00A0C91BC942}") = "ClassChapter5", "ClassChapter5\ClassChapter5.vcxproj", "{2F5F62B5-9BE6-4CFB-B345-302A8777BB26}"
EndProject
Project("{8BC9CEB8-8B4A-11D0-8D11-00A0C91BC942}") = "ClassChapter6", "ClassChapter6\ClassChapter6.vcxproj", "{CC3C1755-C3A5-489D-B1E4-560D4BC9ACD1}"
EndProject
Project("{8BC9CEB8-8B4A-11D0-8D11-00A0C91BC942}") = "ClassChapter7", "ClassChapter7\ClassChapter7.vcxproj", "{2F150B3C-3C01-4B15-92F9-73FB838868D6}"
EndProject
Global
	GlobalSection(SolutionConfigurationPlatforms) = preSolution
		Debug|x64 = Debug|x64
		Debug|x86 = Debug|x86
		Release|x64 = Release|x64
		Release|x86 = Release|x86
	EndGlobalSection
	GlobalSection(ProjectConfigurationPlatforms) = postSolution
		{DE9A7212-2609-4115-BB75-8B1EFD648A74}.Debug|x64.ActiveCfg = Debug|x64
		{DE9A7212-2609-4115-BB75-8B1EFD648A74}.Debug|x64.Build.0 = Debug|x64
		{DE9A7212-2609-4115-BB75-8B1EFD648A74}.Debug|x86.ActiveCfg = Debug|Win32
		{DE9A7212-2609-4115-BB75-8B1EFD648A74}.Debug|x86.Build.0 = Debug|Win32
		{DE9A7212-2609-4115-BB75-8B1EFD648A74}.Release|x64.ActiveCfg = Release|x64
		{DE9A7212-2609-4115-BB75-8B1EFD648A74}.Release|x64.Build.0 = Release|x64
		{DE9A7212-2609-4115-BB75-8B1EFD648A74}.Release|x86.ActiveCfg = Release|Win32
		{DE9A7212-2609-4115-BB75-8B1EFD648A74}.Release|x86.Build.0 = Release|Win32
		{8A37ABED-B53D-4A4E-9B46-6B51420BA623}.Debug|x64.ActiveCfg = Debug|x64
		{8A37ABED-B53D-4A4E-9B46-6B51420BA623}.Debug|x64.Build.0 = Debug|x64
		{8A37ABED-B53D-4A4E-9B46-6B51420BA623}.Debug|x86.ActiveCfg = Debug|Win32
		{8A37ABED-B53D-4A4E-9B46-6B51420BA623}.Debug|x86.Build.0 = Debug|Win32
		{8A37ABED-B53D-4A4E-9B46-6B51420BA623}.Release|x64.ActiveCfg = Release|x64
		{8A37ABED-B53D-4A4E-9B46-6B51420BA623}.Release|x64.Build.0 = Release|x64
		{8A37ABED-B53D-4A4E-9B46-6B51420BA623}.Release|x86.ActiveCfg = Release|Win32
		{8A37ABED-B53D-4A4E-9B46-6B51420BA623}.Release|x86.Build.0 = Release|Win32
		{0A861EC9-1117-4A2C-88ED-7466AAB58AC6}.Debug|x64.ActiveCfg = Debug|x64
		{0A861EC9-1117-4A2C-88ED-7466AAB58AC6}.Debug|x64.Build.0 = Debug|x64
		{0A861EC9-1117-4A2C-88ED-7466AAB58AC6}.Debug|x86.ActiveCfg = Debug|Win32
		{0A861EC9-1117-4A2C-88ED-7466AAB58AC6}.Debug|x86.Build.0 = Debug|Win32
		{0A861EC9-1117-4A2C-88ED-7466AAB58AC6}.Release|x64.ActiveCfg = Release|x64
		{0A861EC9-1117-4A2C-88ED-7466AAB58AC6}.Release|x64.Build.0 = Release|x64
		{0A861EC9-1117-4A2C-88ED-7466AAB58AC6}.Release|x86.ActiveCfg = Release|Win32
		{0A861EC9-1117-4A2C-88ED-7466AAB58AC6}.Release|x86.Build.0 = Release|Win32
		{C0DD5C58-35E9-4EDC-AE0D-AAE005A71859}.Debug|x64.ActiveCfg = Debug|x64
		{C0DD5C58-35E9-4EDC-AE0D-AAE005A71859}.Debug|x64.Build.0 = Debug|x64
		{C0DD5C58-35E9-4EDC-AE0D-AAE005A71859}.Debug|x86.ActiveCfg = Debug|Win32
		{C0DD5C58-35E9-4EDC-AE0D-AAE005A71859}.Debug|x86.Build.0 = Debug|Win32
		{C0DD5C58-35E9-4EDC-AE0D-AAE005A71859}.Release|x64.ActiveCfg = Release|x64
		{C0DD5C58-35E9-4EDC-AE0D-AAE005A71859}.Release|x64.Build.0 = Release|x64
		{C0DD5C58-35E9-4EDC-AE0D-AAE005A71859}.Release|x86.ActiveCfg = Release|Win32
		{C0DD5C58-35E9-4EDC-AE0D-AAE005A71859}.Release|x86.Build.0 = Release|Win32
		{2F5F62B5-9BE6-4CFB-B345-302A8777BB26}.Debug|x64.ActiveCfg = Debug|x64
		{2F5F62B5-9BE6-4CFB-B345-302A8777BB26}.Debug|x64.Build.0 = Debug|x64
		{2F5F62B5-9BE6-4CFB-B345-302A8777BB26}.Debug|x86.ActiveCfg = Debug|Win32
		{2F5F62B5-9BE6-4CFB-B345-302A8777BB26}.Debug|x86.Build.0 = Debug|Win32
		{2F5F62B5-9BE6-4CFB-B345-302A8777BB26}.Release|x64.ActiveCfg = Release|x64
		{2F5F62B5-9BE6-4CFB-B345-302A8777BB26}.Release|x64.Build.0 = Release|x64
		{2F5F62B5-9BE6-4CFB-B345-302A8777BB26}.Release|x86.ActiveCfg = Release|Win32
		{2F5F62B5-9BE6-4CFB-B345-302A8777BB26}.Release|x86.Build.0 = Release|Win32
		{CC3C1755-C3A5-489D-B1E4-560D4BC9ACD1}.Debug|x64.ActiveCfg = Debug|x64
		{CC3C1755-C3A5-489D-B1E4-560D4BC9ACD1}.Debug|x64.Build.0 = Debug|x64
		{CC3C1755-C3A5-489D-B1E4-560D4BC9ACD1}.Debug|x86.ActiveCfg = Debug|Win32
		{CC3C1755-C3A5-489D-B1E4-560D4BC9ACD1}.Debug|x86.Build.0 = Debug|Win32
		{CC3C1755-C3A5-489D-B1E4-560D4BC9ACD1}.Release|x64.ActiveCfg = Release|x64
		{CC3C1755-C3A5-489D-B1E4-560D4BC9ACD1}.Release|x64.Build.0 = Release|x64
		{CC3C1755-C3A5-489D-B1E4-560D4BC9ACD1}.Release|x86.ActiveCfg = Release|Win32
		{CC3C1755-C3A5-489D-B1E4-560D4BC9ACD1}.Release|x86.Build.0 = Release|Win32
		{2F150B3C-3C01-4B15-92F9-73FB838868D6}.Debug|x64.ActiveCfg = Debug|x64
		{2F150B3C-3C01-4B15-92F9-73FB838868D6}.Debug|x64.Build.0 = Debug|x64
		{2F150B3C-3C01-4B15-92F9-73FB838868D6}.Debug|x86.ActiveCfg = Debug|Win32
		{2F150B3C-3C01-4B15-92F9-73FB838868D6}.Debug|x86.Build.0 = Debug|Win32
		{2F150B3C-3C01-4B15-92F9-73FB838868D6}.Release|x64.ActiveCfg = Release|x64
		{2F150B3C-3C01-4B15-92F9-73FB838868D6}.Release|x64.Build.0 = Release|x64
		{2F150B3C-3C01-4B15-92F9-73FB838868D6}.Release|x86.ActiveCfg = Release|Win32
		{2F150B3C-3C01-4B15-92F9-73FB838868D6}.Release|x86.Build.0 = Release|Win32
	EndGlobalSection
	GlobalSection(SolutionProperties) = preSolution
		HideSolutionNode = FALSE
	EndGlobalSection
	GlobalSection(ExtensibilityGlobals) = postSolution
		SolutionGuid = {09DC95CC-2E46-4520-B7D4-B99F1D7E3319}
	EndGlobalSection
EndGlobal
